
Microsoft Visual Studio Solution File, Format Version 12.00
# Visual Studio 15
VisualStudioVersion = 15.0.27130.2010
MinimumVisualStudioVersion = 10.0.40219.1
Project("{2150E333-8FDC-42A3-9474-1A3956D46DE8}") = "Language", "Language", "{1FFEC58D-D885-4004-B750-808FC5BF3025}"
EndProject
Project("{FAE04EC0-301F-11D3-BF4B-00C04F79EFBC}") = "WYExhaust", "Main\WYExhaust.csproj", "{3DB59C53-6727-4DB8-AB41-C46D1A752640}"
EndProject
Project("{FAE04EC0-301F-11D3-BF4B-00C04F79EFBC}") = "zh_CN", "Language\zh_CN\zh_CN.csproj", "{8A1325C8-1DA2-43BF-A891-5BEF5B2FCE52}"
EndProject
Project("{FAE04EC0-301F-11D3-BF4B-00C04F79EFBC}") = "ComponentResourceManager", "Language\ComponentResourceManager\ComponentResourceManager.csproj", "{DB55B582-8D7A-4E50-A451-961B879B176D}"
EndProject
Project("{FAE04EC0-301F-11D3-BF4B-00C04F79EFBC}") = "ComponetResourecLocalizer", "Language\ComponetResourecLocalizer\ComponetResourecLocalizer.csproj", "{A955C343-C274-437C-BA6E-6163E40EB452}"
EndProject
Project("{2150E333-8FDC-42A3-9474-1A3956D46DE8}") = "Utils", "Utils", "{9B4116A1-9021-42C8-BA13-5E234CB669CF}"
	ProjectSection(SolutionItems) = preProject
		C:\Users\Lenovo\source\repos\Log4jTest\Log4jTest\log4net.config = C:\Users\Lenovo\source\repos\Log4jTest\Log4jTest\log4net.config
		C:\Users\Lenovo\source\repos\Log4jTest\Log4jTest\LogHelper.cs = C:\Users\Lenovo\source\repos\Log4jTest\Log4jTest\LogHelper.cs
	EndProjectSection
EndProject
Project("{FAE04EC0-301F-11D3-BF4B-00C04F79EFBC}") = "ControlIterate", "Utils\ControlIterate\ControlIterate.csproj", "{AA33FC75-225D-42ED-AD89-57BD8DBEEEF3}"
EndProject
Project("{2150E333-8FDC-42A3-9474-1A3956D46DE8}") = "Validate", "Validate", "{D35D28AF-6C60-4038-8000-292C5C25DFC5}"
EndProject
Project("{FAE04EC0-301F-11D3-BF4B-00C04F79EFBC}") = "exhaust_Validity", "Validate\uv_Validity\exhaust_Validity.csproj", "{9BC302CB-F026-473B-A4C3-2FAF5C067097}"
EndProject
Project("{FAE04EC0-301F-11D3-BF4B-00C04F79EFBC}") = "LocalizationHelper", "Language\LocalizationHelper\LocalizationHelper.csproj", "{A7B2F840-B6FF-4377-BC11-1D29F8B0DB5A}"
EndProject
Project("{FAE04EC0-301F-11D3-BF4B-00C04F79EFBC}") = "Localizaton", "Language\Localizaton\Localizaton.csproj", "{B0E4DB30-12B3-47B3-8B91-415C67FBF2E3}"
EndProject
Project("{FAE04EC0-301F-11D3-BF4B-00C04F79EFBC}") = "ValidateManager", "Validate\ValidateManager\ValidateManager.csproj", "{1AB7E6D5-96A0-4766-8521-7D0AD2588462}"
EndProject
Project("{2150E333-8FDC-42A3-9474-1A3956D46DE8}") = "ServiceInterface", "ServiceInterface", "{B4F5C588-F2EE-44E3-95E5-353B434A76DC}"
	ProjectSection(SolutionItems) = preProject
		ServiceInterface\Wayee.Services.IBusinessLogicServer.dll = ServiceInterface\Wayee.Services.IBusinessLogicServer.dll
		ServiceInterface\Wayee.Services.IDataServer.dll = ServiceInterface\Wayee.Services.IDataServer.dll
		ServiceInterface\Wayee.Services.RemotingServerBase.dll = ServiceInterface\Wayee.Services.RemotingServerBase.dll
		ServiceInterface\WYDAO.dll = ServiceInterface\WYDAO.dll
		ServiceInterface\WYDBC.dll = ServiceInterface\WYDBC.dll
	EndProjectSection
EndProject
Project("{FAE04EC0-301F-11D3-BF4B-00C04F79EFBC}") = "Validator", "Validate\ValidateLoader\Validator.csproj", "{9B17D6DB-736B-4878-B565-E1BADD6F65F6}"
EndProject
Project("{2150E333-8FDC-42A3-9474-1A3956D46DE8}") = "Apps", "Apps", "{3548F243-DE90-4A46-ADC0-EBF18A2EEFDF}"
EndProject
Project("{FAE04EC0-301F-11D3-BF4B-00C04F79EFBC}") = "PluginBase", "Apps\PluginBase\PluginBase.csproj", "{9B5BA439-FBD6-40B6-8AEA-D2ACEC73A39B}"
EndProject
Project("{FAE04EC0-301F-11D3-BF4B-00C04F79EFBC}") = "PluginManager", "Apps\PluginManager\PluginManager.csproj", "{5E50855F-92AF-47BC-A90C-23D47915A745}"
EndProject
Project("{FAE04EC0-301F-11D3-BF4B-00C04F79EFBC}") = "LogManager", "Apps\LogManager\LogManager.csproj", "{4F59A8C4-16ED-4AA1-86C4-FB631D83E0AD}"
EndProject
Global
	GlobalSection(SolutionConfigurationPlatforms) = preSolution
		Debug|Any CPU = Debug|Any CPU
		Debug|ARM = Debug|ARM
		Debug|x64 = Debug|x64
		Debug|x86 = Debug|x86
		Release|Any CPU = Release|Any CPU
		Release|ARM = Release|ARM
		Release|x64 = Release|x64
		Release|x86 = Release|x86
	EndGlobalSection
	GlobalSection(ProjectConfigurationPlatforms) = postSolution
		{3DB59C53-6727-4DB8-AB41-C46D1A752640}.Debug|Any CPU.ActiveCfg = Debug|Any CPU
		{3DB59C53-6727-4DB8-AB41-C46D1A752640}.Debug|Any CPU.Build.0 = Debug|Any CPU
		{3DB59C53-6727-4DB8-AB41-C46D1A752640}.Debug|ARM.ActiveCfg = Debug|Any CPU
		{3DB59C53-6727-4DB8-AB41-C46D1A752640}.Debug|ARM.Build.0 = Debug|Any CPU
		{3DB59C53-6727-4DB8-AB41-C46D1A752640}.Debug|x64.ActiveCfg = Debug|Any CPU
		{3DB59C53-6727-4DB8-AB41-C46D1A752640}.Debug|x64.Build.0 = Debug|Any CPU
		{3DB59C53-6727-4DB8-AB41-C46D1A752640}.Debug|x86.ActiveCfg = Debug|x86
		{3DB59C53-6727-4DB8-AB41-C46D1A752640}.Debug|x86.Build.0 = Debug|x86
		{3DB59C53-6727-4DB8-AB41-C46D1A752640}.Release|Any CPU.ActiveCfg = Release|Any CPU
		{3DB59C53-6727-4DB8-AB41-C46D1A752640}.Release|Any CPU.Build.0 = Release|Any CPU
		{3DB59C53-6727-4DB8-AB41-C46D1A752640}.Release|ARM.ActiveCfg = Release|Any CPU
		{3DB59C53-6727-4DB8-AB41-C46D1A752640}.Release|ARM.Build.0 = Release|Any CPU
		{3DB59C53-6727-4DB8-AB41-C46D1A752640}.Release|x64.ActiveCfg = Release|Any CPU
		{3DB59C53-6727-4DB8-AB41-C46D1A752640}.Release|x64.Build.0 = Release|Any CPU
		{3DB59C53-6727-4DB8-AB41-C46D1A752640}.Release|x86.ActiveCfg = Release|x86
		{3DB59C53-6727-4DB8-AB41-C46D1A752640}.Release|x86.Build.0 = Release|x86
		{8A1325C8-1DA2-43BF-A891-5BEF5B2FCE52}.Debug|Any CPU.ActiveCfg = Debug|Any CPU
		{8A1325C8-1DA2-43BF-A891-5BEF5B2FCE52}.Debug|Any CPU.Build.0 = Debug|Any CPU
		{8A1325C8-1DA2-43BF-A891-5BEF5B2FCE52}.Debug|ARM.ActiveCfg = Debug|Any CPU
		{8A1325C8-1DA2-43BF-A891-5BEF5B2FCE52}.Debug|ARM.Build.0 = Debug|Any CPU
		{8A1325C8-1DA2-43BF-A891-5BEF5B2FCE52}.Debug|x64.ActiveCfg = Debug|Any CPU
		{8A1325C8-1DA2-43BF-A891-5BEF5B2FCE52}.Debug|x64.Build.0 = Debug|Any CPU
		{8A1325C8-1DA2-43BF-A891-5BEF5B2FCE52}.Debug|x86.ActiveCfg = Debug|x86
		{8A1325C8-1DA2-43BF-A891-5BEF5B2FCE52}.Debug|x86.Build.0 = Debug|x86
		{8A1325C8-1DA2-43BF-A891-5BEF5B2FCE52}.Release|Any CPU.ActiveCfg = Release|Any CPU
		{8A1325C8-1DA2-43BF-A891-5BEF5B2FCE52}.Release|Any CPU.Build.0 = Release|Any CPU
		{8A1325C8-1DA2-43BF-A891-5BEF5B2FCE52}.Release|ARM.ActiveCfg = Release|Any CPU
		{8A1325C8-1DA2-43BF-A891-5BEF5B2FCE52}.Release|ARM.Build.0 = Release|Any CPU
		{8A1325C8-1DA2-43BF-A891-5BEF5B2FCE52}.Release|x64.ActiveCfg = Release|Any CPU
		{8A1325C8-1DA2-43BF-A891-5BEF5B2FCE52}.Release|x64.Build.0 = Release|Any CPU
		{8A1325C8-1DA2-43BF-A891-5BEF5B2FCE52}.Release|x86.ActiveCfg = Release|x86
		{8A1325C8-1DA2-43BF-A891-5BEF5B2FCE52}.Release|x86.Build.0 = Release|x86
		{DB55B582-8D7A-4E50-A451-961B879B176D}.Debug|Any CPU.ActiveCfg = Debug|Any CPU
		{DB55B582-8D7A-4E50-A451-961B879B176D}.Debug|Any CPU.Build.0 = Debug|Any CPU
		{DB55B582-8D7A-4E50-A451-961B879B176D}.Debug|ARM.ActiveCfg = Debug|Any CPU
		{DB55B582-8D7A-4E50-A451-961B879B176D}.Debug|ARM.Build.0 = Debug|Any CPU
		{DB55B582-8D7A-4E50-A451-961B879B176D}.Debug|x64.ActiveCfg = Debug|Any CPU
		{DB55B582-8D7A-4E50-A451-961B879B176D}.Debug|x64.Build.0 = Debug|Any CPU
		{DB55B582-8D7A-4E50-A451-961B879B176D}.Debug|x86.ActiveCfg = Debug|x86
		{DB55B582-8D7A-4E50-A451-961B879B176D}.Debug|x86.Build.0 = Debug|x86
		{DB55B582-8D7A-4E50-A451-961B879B176D}.Release|Any CPU.ActiveCfg = Release|Any CPU
		{DB55B582-8D7A-4E50-A451-961B879B176D}.Release|Any CPU.Build.0 = Release|Any CPU
		{DB55B582-8D7A-4E50-A451-961B879B176D}.Release|ARM.ActiveCfg = Release|Any CPU
		{DB55B582-8D7A-4E50-A451-961B879B176D}.Release|ARM.Build.0 = Release|Any CPU
		{DB55B582-8D7A-4E50-A451-961B879B176D}.Release|x64.ActiveCfg = Release|Any CPU
		{DB55B582-8D7A-4E50-A451-961B879B176D}.Release|x64.Build.0 = Release|Any CPU
		{DB55B582-8D7A-4E50-A451-961B879B176D}.Release|x86.ActiveCfg = Release|x86
		{DB55B582-8D7A-4E50-A451-961B879B176D}.Release|x86.Build.0 = Release|x86
		{A955C343-C274-437C-BA6E-6163E40EB452}.Debug|Any CPU.ActiveCfg = Debug|Any CPU
		{A955C343-C274-437C-BA6E-6163E40EB452}.Debug|Any CPU.Build.0 = Debug|Any CPU
		{A955C343-C274-437C-BA6E-6163E40EB452}.Debug|ARM.ActiveCfg = Debug|Any CPU
		{A955C343-C274-437C-BA6E-6163E40EB452}.Debug|ARM.Build.0 = Debug|Any CPU
		{A955C343-C274-437C-BA6E-6163E40EB452}.Debug|x64.ActiveCfg = Debug|Any CPU
		{A955C343-C274-437C-BA6E-6163E40EB452}.Debug|x64.Build.0 = Debug|Any CPU
		{A955C343-C274-437C-BA6E-6163E40EB452}.Debug|x86.ActiveCfg = Debug|x86
		{A955C343-C274-437C-BA6E-6163E40EB452}.Debug|x86.Build.0 = Debug|x86
		{A955C343-C274-437C-BA6E-6163E40EB452}.Release|Any CPU.ActiveCfg = Release|Any CPU
		{A955C343-C274-437C-BA6E-6163E40EB452}.Release|Any CPU.Build.0 = Release|Any CPU
		{A955C343-C274-437C-BA6E-6163E40EB452}.Release|ARM.ActiveCfg = Release|Any CPU
		{A955C343-C274-437C-BA6E-6163E40EB452}.Release|ARM.Build.0 = Release|Any CPU
		{A955C343-C274-437C-BA6E-6163E40EB452}.Release|x64.ActiveCfg = Release|Any CPU
		{A955C343-C274-437C-BA6E-6163E40EB452}.Release|x64.Build.0 = Release|Any CPU
		{A955C343-C274-437C-BA6E-6163E40EB452}.Release|x86.ActiveCfg = Release|x86
		{A955C343-C274-437C-BA6E-6163E40EB452}.Release|x86.Build.0 = Release|x86
		{AA33FC75-225D-42ED-AD89-57BD8DBEEEF3}.Debug|Any CPU.ActiveCfg = Debug|Any CPU
		{AA33FC75-225D-42ED-AD89-57BD8DBEEEF3}.Debug|Any CPU.Build.0 = Debug|Any CPU
		{AA33FC75-225D-42ED-AD89-57BD8DBEEEF3}.Debug|ARM.ActiveCfg = Debug|Any CPU
		{AA33FC75-225D-42ED-AD89-57BD8DBEEEF3}.Debug|ARM.Build.0 = Debug|Any CPU
		{AA33FC75-225D-42ED-AD89-57BD8DBEEEF3}.Debug|x64.ActiveCfg = Debug|Any CPU
		{AA33FC75-225D-42ED-AD89-57BD8DBEEEF3}.Debug|x64.Build.0 = Debug|Any CPU
		{AA33FC75-225D-42ED-AD89-57BD8DBEEEF3}.Debug|x86.ActiveCfg = Debug|x86
		{AA33FC75-225D-42ED-AD89-57BD8DBEEEF3}.Debug|x86.Build.0 = Debug|x86
		{AA33FC75-225D-42ED-AD89-57BD8DBEEEF3}.Release|Any CPU.ActiveCfg = Release|Any CPU
		{AA33FC75-225D-42ED-AD89-57BD8DBEEEF3}.Release|Any CPU.Build.0 = Release|Any CPU
		{AA33FC75-225D-42ED-AD89-57BD8DBEEEF3}.Release|ARM.ActiveCfg = Release|Any CPU
		{AA33FC75-225D-42ED-AD89-57BD8DBEEEF3}.Release|ARM.Build.0 = Release|Any CPU
		{AA33FC75-225D-42ED-AD89-57BD8DBEEEF3}.Release|x64.ActiveCfg = Release|Any CPU
		{AA33FC75-225D-42ED-AD89-57BD8DBEEEF3}.Release|x64.Build.0 = Release|Any CPU
		{AA33FC75-225D-42ED-AD89-57BD8DBEEEF3}.Release|x86.ActiveCfg = Release|x86
		{AA33FC75-225D-42ED-AD89-57BD8DBEEEF3}.Release|x86.Build.0 = Release|x86
		{9BC302CB-F026-473B-A4C3-2FAF5C067097}.Debug|Any CPU.ActiveCfg = Debug|Any CPU
		{9BC302CB-F026-473B-A4C3-2FAF5C067097}.Debug|Any CPU.Build.0 = Debug|Any CPU
		{9BC302CB-F026-473B-A4C3-2FAF5C067097}.Debug|ARM.ActiveCfg = Debug|Any CPU
		{9BC302CB-F026-473B-A4C3-2FAF5C067097}.Debug|ARM.Build.0 = Debug|Any CPU
		{9BC302CB-F026-473B-A4C3-2FAF5C067097}.Debug|x64.ActiveCfg = Debug|Any CPU
		{9BC302CB-F026-473B-A4C3-2FAF5C067097}.Debug|x64.Build.0 = Debug|Any CPU
		{9BC302CB-F026-473B-A4C3-2FAF5C067097}.Debug|x86.ActiveCfg = Debug|x86
		{9BC302CB-F026-473B-A4C3-2FAF5C067097}.Debug|x86.Build.0 = Debug|x86
		{9BC302CB-F026-473B-A4C3-2FAF5C067097}.Release|Any CPU.ActiveCfg = Release|Any CPU
		{9BC302CB-F026-473B-A4C3-2FAF5C067097}.Release|Any CPU.Build.0 = Release|Any CPU
		{9BC302CB-F026-473B-A4C3-2FAF5C067097}.Release|ARM.ActiveCfg = Release|Any CPU
		{9BC302CB-F026-473B-A4C3-2FAF5C067097}.Release|ARM.Build.0 = Release|Any CPU
		{9BC302CB-F026-473B-A4C3-2FAF5C067097}.Release|x64.ActiveCfg = Release|Any CPU
		{9BC302CB-F026-473B-A4C3-2FAF5C067097}.Release|x64.Build.0 = Release|Any CPU
		{9BC302CB-F026-473B-A4C3-2FAF5C067097}.Release|x86.ActiveCfg = Release|x86
		{9BC302CB-F026-473B-A4C3-2FAF5C067097}.Release|x86.Build.0 = Release|x86
		{A7B2F840-B6FF-4377-BC11-1D29F8B0DB5A}.Debug|Any CPU.ActiveCfg = Debug|Any CPU
		{A7B2F840-B6FF-4377-BC11-1D29F8B0DB5A}.Debug|Any CPU.Build.0 = Debug|Any CPU
		{A7B2F840-B6FF-4377-BC11-1D29F8B0DB5A}.Debug|ARM.ActiveCfg = Debug|Any CPU
		{A7B2F840-B6FF-4377-BC11-1D29F8B0DB5A}.Debug|ARM.Build.0 = Debug|Any CPU
		{A7B2F840-B6FF-4377-BC11-1D29F8B0DB5A}.Debug|x64.ActiveCfg = Debug|Any CPU
		{A7B2F840-B6FF-4377-BC11-1D29F8B0DB5A}.Debug|x64.Build.0 = Debug|Any CPU
		{A7B2F840-B6FF-4377-BC11-1D29F8B0DB5A}.Debug|x86.ActiveCfg = Debug|x86
		{A7B2F840-B6FF-4377-BC11-1D29F8B0DB5A}.Debug|x86.Build.0 = Debug|x86
		{A7B2F840-B6FF-4377-BC11-1D29F8B0DB5A}.Release|Any CPU.ActiveCfg = Release|Any CPU
		{A7B2F840-B6FF-4377-BC11-1D29F8B0DB5A}.Release|Any CPU.Build.0 = Release|Any CPU
		{A7B2F840-B6FF-4377-BC11-1D29F8B0DB5A}.Release|ARM.ActiveCfg = Release|Any CPU
		{A7B2F840-B6FF-4377-BC11-1D29F8B0DB5A}.Release|ARM.Build.0 = Release|Any CPU
		{A7B2F840-B6FF-4377-BC11-1D29F8B0DB5A}.Release|x64.ActiveCfg = Release|Any CPU
		{A7B2F840-B6FF-4377-BC11-1D29F8B0DB5A}.Release|x64.Build.0 = Release|Any CPU
		{A7B2F840-B6FF-4377-BC11-1D29F8B0DB5A}.Release|x86.ActiveCfg = Release|x86
		{A7B2F840-B6FF-4377-BC11-1D29F8B0DB5A}.Release|x86.Build.0 = Release|x86
		{B0E4DB30-12B3-47B3-8B91-415C67FBF2E3}.Debug|Any CPU.ActiveCfg = Debug|Any CPU
		{B0E4DB30-12B3-47B3-8B91-415C67FBF2E3}.Debug|Any CPU.Build.0 = Debug|Any CPU
		{B0E4DB30-12B3-47B3-8B91-415C67FBF2E3}.Debug|ARM.ActiveCfg = Debug|Any CPU
		{B0E4DB30-12B3-47B3-8B91-415C67FBF2E3}.Debug|ARM.Build.0 = Debug|Any CPU
		{B0E4DB30-12B3-47B3-8B91-415C67FBF2E3}.Debug|x64.ActiveCfg = Debug|Any CPU
		{B0E4DB30-12B3-47B3-8B91-415C67FBF2E3}.Debug|x64.Build.0 = Debug|Any CPU
		{B0E4DB30-12B3-47B3-8B91-415C67FBF2E3}.Debug|x86.ActiveCfg = Debug|x86
		{B0E4DB30-12B3-47B3-8B91-415C67FBF2E3}.Debug|x86.Build.0 = Debug|x86
		{B0E4DB30-12B3-47B3-8B91-415C67FBF2E3}.Release|Any CPU.ActiveCfg = Release|Any CPU
		{B0E4DB30-12B3-47B3-8B91-415C67FBF2E3}.Release|Any CPU.Build.0 = Release|Any CPU
		{B0E4DB30-12B3-47B3-8B91-415C67FBF2E3}.Release|ARM.ActiveCfg = Release|Any CPU
		{B0E4DB30-12B3-47B3-8B91-415C67FBF2E3}.Release|ARM.Build.0 = Release|Any CPU
		{B0E4DB30-12B3-47B3-8B91-415C67FBF2E3}.Release|x64.ActiveCfg = Release|Any CPU
		{B0E4DB30-12B3-47B3-8B91-415C67FBF2E3}.Release|x64.Build.0 = Release|Any CPU
		{B0E4DB30-12B3-47B3-8B91-415C67FBF2E3}.Release|x86.ActiveCfg = Release|x86
		{B0E4DB30-12B3-47B3-8B91-415C67FBF2E3}.Release|x86.Build.0 = Release|x86
		{1AB7E6D5-96A0-4766-8521-7D0AD2588462}.Debug|Any CPU.ActiveCfg = Debug|Any CPU
		{1AB7E6D5-96A0-4766-8521-7D0AD2588462}.Debug|Any CPU.Build.0 = Debug|Any CPU
		{1AB7E6D5-96A0-4766-8521-7D0AD2588462}.Debug|ARM.ActiveCfg = Debug|Any CPU
		{1AB7E6D5-96A0-4766-8521-7D0AD2588462}.Debug|ARM.Build.0 = Debug|Any CPU
		{1AB7E6D5-96A0-4766-8521-7D0AD2588462}.Debug|x64.ActiveCfg = Debug|Any CPU
		{1AB7E6D5-96A0-4766-8521-7D0AD2588462}.Debug|x64.Build.0 = Debug|Any CPU
		{1AB7E6D5-96A0-4766-8521-7D0AD2588462}.Debug|x86.ActiveCfg = Debug|x86
		{1AB7E6D5-96A0-4766-8521-7D0AD2588462}.Debug|x86.Build.0 = Debug|x86
		{1AB7E6D5-96A0-4766-8521-7D0AD2588462}.Release|Any CPU.ActiveCfg = Release|Any CPU
		{1AB7E6D5-96A0-4766-8521-7D0AD2588462}.Release|Any CPU.Build.0 = Release|Any CPU
		{1AB7E6D5-96A0-4766-8521-7D0AD2588462}.Release|ARM.ActiveCfg = Release|Any CPU
		{1AB7E6D5-96A0-4766-8521-7D0AD2588462}.Release|ARM.Build.0 = Release|Any CPU
		{1AB7E6D5-96A0-4766-8521-7D0AD2588462}.Release|x64.ActiveCfg = Release|Any CPU
		{1AB7E6D5-96A0-4766-8521-7D0AD2588462}.Release|x64.Build.0 = Release|Any CPU
		{1AB7E6D5-96A0-4766-8521-7D0AD2588462}.Release|x86.ActiveCfg = Release|x86
		{1AB7E6D5-96A0-4766-8521-7D0AD2588462}.Release|x86.Build.0 = Release|x86
		{9B17D6DB-736B-4878-B565-E1BADD6F65F6}.Debug|Any CPU.ActiveCfg = Debug|Any CPU
		{9B17D6DB-736B-4878-B565-E1BADD6F65F6}.Debug|Any CPU.Build.0 = Debug|Any CPU
		{9B17D6DB-736B-4878-B565-E1BADD6F65F6}.Debug|ARM.ActiveCfg = Debug|Any CPU
		{9B17D6DB-736B-4878-B565-E1BADD6F65F6}.Debug|ARM.Build.0 = Debug|Any CPU
		{9B17D6DB-736B-4878-B565-E1BADD6F65F6}.Debug|x64.ActiveCfg = Debug|Any CPU
		{9B17D6DB-736B-4878-B565-E1BADD6F65F6}.Debug|x64.Build.0 = Debug|Any CPU
		{9B17D6DB-736B-4878-B565-E1BADD6F65F6}.Debug|x86.ActiveCfg = Debug|x86
		{9B17D6DB-736B-4878-B565-E1BADD6F65F6}.Debug|x86.Build.0 = Debug|x86
		{9B17D6DB-736B-4878-B565-E1BADD6F65F6}.Release|Any CPU.ActiveCfg = Release|Any CPU
		{9B17D6DB-736B-4878-B565-E1BADD6F65F6}.Release|Any CPU.Build.0 = Release|Any CPU
		{9B17D6DB-736B-4878-B565-E1BADD6F65F6}.Release|ARM.ActiveCfg = Release|Any CPU
		{9B17D6DB-736B-4878-B565-E1BADD6F65F6}.Release|ARM.Build.0 = Release|Any CPU
		{9B17D6DB-736B-4878-B565-E1BADD6F65F6}.Release|x64.ActiveCfg = Release|Any CPU
		{9B17D6DB-736B-4878-B565-E1BADD6F65F6}.Release|x64.Build.0 = Release|Any CPU
		{9B17D6DB-736B-4878-B565-E1BADD6F65F6}.Release|x86.ActiveCfg = Release|x86
		{9B17D6DB-736B-4878-B565-E1BADD6F65F6}.Release|x86.Build.0 = Release|x86
		{9B5BA439-FBD6-40B6-8AEA-D2ACEC73A39B}.Debug|Any CPU.ActiveCfg = Debug|Any CPU
		{9B5BA439-FBD6-40B6-8AEA-D2ACEC73A39B}.Debug|Any CPU.Build.0 = Debug|Any CPU
		{9B5BA439-FBD6-40B6-8AEA-D2ACEC73A39B}.Debug|ARM.ActiveCfg = Debug|Any CPU
		{9B5BA439-FBD6-40B6-8AEA-D2ACEC73A39B}.Debug|ARM.Build.0 = Debug|Any CPU
		{9B5BA439-FBD6-40B6-8AEA-D2ACEC73A39B}.Debug|x64.ActiveCfg = Debug|Any CPU
		{9B5BA439-FBD6-40B6-8AEA-D2ACEC73A39B}.Debug|x64.Build.0 = Debug|Any CPU
		{9B5BA439-FBD6-40B6-8AEA-D2ACEC73A39B}.Debug|x86.ActiveCfg = Debug|x86
		{9B5BA439-FBD6-40B6-8AEA-D2ACEC73A39B}.Debug|x86.Build.0 = Debug|x86
		{9B5BA439-FBD6-40B6-8AEA-D2ACEC73A39B}.Release|Any CPU.ActiveCfg = Release|Any CPU
		{9B5BA439-FBD6-40B6-8AEA-D2ACEC73A39B}.Release|Any CPU.Build.0 = Release|Any CPU
		{9B5BA439-FBD6-40B6-8AEA-D2ACEC73A39B}.Release|ARM.ActiveCfg = Release|Any CPU
		{9B5BA439-FBD6-40B6-8AEA-D2ACEC73A39B}.Release|ARM.Build.0 = Release|Any CPU
		{9B5BA439-FBD6-40B6-8AEA-D2ACEC73A39B}.Release|x64.ActiveCfg = Release|Any CPU
		{9B5BA439-FBD6-40B6-8AEA-D2ACEC73A39B}.Release|x64.Build.0 = Release|Any CPU
		{9B5BA439-FBD6-40B6-8AEA-D2ACEC73A39B}.Release|x86.ActiveCfg = Release|x86
		{9B5BA439-FBD6-40B6-8AEA-D2ACEC73A39B}.Release|x86.Build.0 = Release|x86
		{5E50855F-92AF-47BC-A90C-23D47915A745}.Debug|Any CPU.ActiveCfg = Debug|Any CPU
		{5E50855F-92AF-47BC-A90C-23D47915A745}.Debug|Any CPU.Build.0 = Debug|Any CPU
		{5E50855F-92AF-47BC-A90C-23D47915A745}.Debug|ARM.ActiveCfg = Debug|Any CPU
		{5E50855F-92AF-47BC-A90C-23D47915A745}.Debug|ARM.Build.0 = Debug|Any CPU
		{5E50855F-92AF-47BC-A90C-23D47915A745}.Debug|x64.ActiveCfg = Debug|Any CPU
		{5E50855F-92AF-47BC-A90C-23D47915A745}.Debug|x64.Build.0 = Debug|Any CPU
		{5E50855F-92AF-47BC-A90C-23D47915A745}.Debug|x86.ActiveCfg = Debug|x86
		{5E50855F-92AF-47BC-A90C-23D47915A745}.Debug|x86.Build.0 = Debug|x86
		{5E50855F-92AF-47BC-A90C-23D47915A745}.Release|Any CPU.ActiveCfg = Release|Any CPU
		{5E50855F-92AF-47BC-A90C-23D47915A745}.Release|Any CPU.Build.0 = Release|Any CPU
		{5E50855F-92AF-47BC-A90C-23D47915A745}.Release|ARM.ActiveCfg = Release|Any CPU
		{5E50855F-92AF-47BC-A90C-23D47915A745}.Release|ARM.Build.0 = Release|Any CPU
		{5E50855F-92AF-47BC-A90C-23D47915A745}.Release|x64.ActiveCfg = Release|Any CPU
		{5E50855F-92AF-47BC-A90C-23D47915A745}.Release|x64.Build.0 = Release|Any CPU
		{5E50855F-92AF-47BC-A90C-23D47915A745}.Release|x86.ActiveCfg = Release|x86
		{5E50855F-92AF-47BC-A90C-23D47915A745}.Release|x86.Build.0 = Release|x86
		{4F59A8C4-16ED-4AA1-86C4-FB631D83E0AD}.Debug|Any CPU.ActiveCfg = Debug|Any CPU
		{4F59A8C4-16ED-4AA1-86C4-FB631D83E0AD}.Debug|Any CPU.Build.0 = Debug|Any CPU
		{4F59A8C4-16ED-4AA1-86C4-FB631D83E0AD}.Debug|ARM.ActiveCfg = Debug|Any CPU
		{4F59A8C4-16ED-4AA1-86C4-FB631D83E0AD}.Debug|ARM.Build.0 = Debug|Any CPU
		{4F59A8C4-16ED-4AA1-86C4-FB631D83E0AD}.Debug|x64.ActiveCfg = Debug|Any CPU
		{4F59A8C4-16ED-4AA1-86C4-FB631D83E0AD}.Debug|x64.Build.0 = Debug|Any CPU
		{4F59A8C4-16ED-4AA1-86C4-FB631D83E0AD}.Debug|x86.ActiveCfg = Debug|Any CPU
		{4F59A8C4-16ED-4AA1-86C4-FB631D83E0AD}.Debug|x86.Build.0 = Debug|Any CPU
		{4F59A8C4-16ED-4AA1-86C4-FB631D83E0AD}.Release|Any CPU.ActiveCfg = Release|Any CPU
		{4F59A8C4-16ED-4AA1-86C4-FB631D83E0AD}.Release|Any CPU.Build.0 = Release|Any CPU
		{4F59A8C4-16ED-4AA1-86C4-FB631D83E0AD}.Release|ARM.ActiveCfg = Release|Any CPU
		{4F59A8C4-16ED-4AA1-86C4-FB631D83E0AD}.Release|ARM.Build.0 = Release|Any CPU
		{4F59A8C4-16ED-4AA1-86C4-FB631D83E0AD}.Release|x64.ActiveCfg = Release|Any CPU
		{4F59A8C4-16ED-4AA1-86C4-FB631D83E0AD}.Release|x64.Build.0 = Release|Any CPU
		{4F59A8C4-16ED-4AA1-86C4-FB631D83E0AD}.Release|x86.ActiveCfg = Release|Any CPU
		{4F59A8C4-16ED-4AA1-86C4-FB631D83E0AD}.Release|x86.Build.0 = Release|Any CPU
	EndGlobalSection
	GlobalSection(SolutionProperties) = preSolution
		HideSolutionNode = FALSE
	EndGlobalSection
	GlobalSection(NestedProjects) = preSolution
		{8A1325C8-1DA2-43BF-A891-5BEF5B2FCE52} = {1FFEC58D-D885-4004-B750-808FC5BF3025}
		{DB55B582-8D7A-4E50-A451-961B879B176D} = {1FFEC58D-D885-4004-B750-808FC5BF3025}
		{A955C343-C274-437C-BA6E-6163E40EB452} = {1FFEC58D-D885-4004-B750-808FC5BF3025}
		{AA33FC75-225D-42ED-AD89-57BD8DBEEEF3} = {9B4116A1-9021-42C8-BA13-5E234CB669CF}
		{9BC302CB-F026-473B-A4C3-2FAF5C067097} = {D35D28AF-6C60-4038-8000-292C5C25DFC5}
		{A7B2F840-B6FF-4377-BC11-1D29F8B0DB5A} = {1FFEC58D-D885-4004-B750-808FC5BF3025}
		{B0E4DB30-12B3-47B3-8B91-415C67FBF2E3} = {1FFEC58D-D885-4004-B750-808FC5BF3025}
		{1AB7E6D5-96A0-4766-8521-7D0AD2588462} = {D35D28AF-6C60-4038-8000-292C5C25DFC5}
		{9B17D6DB-736B-4878-B565-E1BADD6F65F6} = {D35D28AF-6C60-4038-8000-292C5C25DFC5}
		{9B5BA439-FBD6-40B6-8AEA-D2ACEC73A39B} = {3548F243-DE90-4A46-ADC0-EBF18A2EEFDF}
		{5E50855F-92AF-47BC-A90C-23D47915A745} = {3548F243-DE90-4A46-ADC0-EBF18A2EEFDF}
		{4F59A8C4-16ED-4AA1-86C4-FB631D83E0AD} = {3548F243-DE90-4A46-ADC0-EBF18A2EEFDF}
	EndGlobalSection
	GlobalSection(ExtensibilityGlobals) = postSolution
		SolutionGuid = {3B7C862C-FFD0-4D48-BE3C-3EE0EB0A3230}
	EndGlobalSection
EndGlobal
